
Microsoft Visual Studio Solution File, Format Version 12.00
# Visual Studio Version 17
VisualStudioVersion = 17.14.36202.13 d17.14
MinimumVisualStudioVersion = 10.0.40219.1
Project("{FAE04EC0-301F-11D3-BF4B-00C04F79EFBC}") = "ShaTaskApp", "ShaTaskApp.csproj", "{59614260-A013-42D6-B238-6FCA59C40909}"
EndProject
Global
	GlobalSection(SolutionConfigurationPlatforms) = preSolution
		Debug|Any CPU = Debug|Any CPU
		Release|Any CPU = Release|Any CPU
	EndGlobalSection
	GlobalSection(ProjectConfigurationPlatforms) = postSolution
		{59614260-A013-42D6-B238-6FCA59C40909}.Debug|Any CPU.ActiveCfg = Debug|Any CPU
		{59614260-A013-42D6-B238-6FCA59C40909}.Debug|Any CPU.Build.0 = Debug|Any CPU
		{59614260-A013-42D6-B238-6FCA59C40909}.Release|Any CPU.ActiveCfg = Release|Any CPU
		{59614260-A013-42D6-B238-6FCA59C40909}.Release|Any CPU.Build.0 = Release|Any CPU
	EndGlobalSection
	GlobalSection(SolutionProperties) = preSolution
		HideSolutionNode = FALSE
	EndGlobalSection
	GlobalSection(ExtensibilityGlobals) = postSolution
		SolutionGuid = {DDF3BC4F-440C-485F-86F5-12F9D78434B7}
	EndGlobalSection
EndGlobal
